
Microsoft Visual Studio Solution File, Format Version 12.00
# Visual Studio Version 17
VisualStudioVersion = 17.8.34316.72
MinimumVisualStudioVersion = 10.0.40219.1
Project("{9A19103F-16F7-4668-BE54-9A1E7A4F7556}") = "Reply.Tests", "Reply.Tests\Reply.Tests.csproj", "{F687D530-9254-4A12-9848-6EE238FCD431}"
EndProject
Project("{9A19103F-16F7-4668-BE54-9A1E7A4F7556}") = "Reply.AutomationFramework", "Reply.AutomationFramework\Reply.AutomationFramework.csproj", "{745C9B2A-1922-4F0C-B5D7-5EE1183BAE76}"
EndProject
Global
	GlobalSection(SolutionConfigurationPlatforms) = preSolution
		Debug|Any CPU = Debug|Any CPU
		Release|Any CPU = Release|Any CPU
	EndGlobalSection
	GlobalSection(ProjectConfigurationPlatforms) = postSolution
		{F687D530-9254-4A12-9848-6EE238FCD431}.Debug|Any CPU.ActiveCfg = Debug|Any CPU
		{F687D530-9254-4A12-9848-6EE238FCD431}.Debug|Any CPU.Build.0 = Debug|Any CPU
		{F687D530-9254-4A12-9848-6EE238FCD431}.Release|Any CPU.ActiveCfg = Release|Any CPU
		{F687D530-9254-4A12-9848-6EE238FCD431}.Release|Any CPU.Build.0 = Release|Any CPU
		{745C9B2A-1922-4F0C-B5D7-5EE1183BAE76}.Debug|Any CPU.ActiveCfg = Debug|Any CPU
		{745C9B2A-1922-4F0C-B5D7-5EE1183BAE76}.Debug|Any CPU.Build.0 = Debug|Any CPU
		{745C9B2A-1922-4F0C-B5D7-5EE1183BAE76}.Release|Any CPU.ActiveCfg = Release|Any CPU
		{745C9B2A-1922-4F0C-B5D7-5EE1183BAE76}.Release|Any CPU.Build.0 = Release|Any CPU
	EndGlobalSection
	GlobalSection(SolutionProperties) = preSolution
		HideSolutionNode = FALSE
	EndGlobalSection
	GlobalSection(ExtensibilityGlobals) = postSolution
		SolutionGuid = {7B40DB1D-50DD-4118-ABC4-233621946151}
	EndGlobalSection
EndGlobal
